
Microsoft Visual Studio Solution File, Format Version 12.00
# Visual Studio 15
VisualStudioVersion = 15.0.28010.2016
MinimumVisualStudioVersion = 10.0.40219.1
Project("{9A19103F-16F7-4668-BE54-9A1E7A4F7556}") = "ClassLibraryWithPdbs", "ClassLibraryWithPdbs\ClassLibraryWithPdbs.csproj", "{406E54BA-9BA3-4490-B232-BD3D82B17A47}"
EndProject
Project("{9A19103F-16F7-4668-BE54-9A1E7A4F7556}") = "ConsoleAppNewNet471", "ConsoleAppNewNet471\ConsoleAppNewNet471.csproj", "{2B9AAB19-E801-4773-B414-07EA22CE96A3}"
EndProject
Project("{FAE04EC0-301F-11D3-BF4B-00C04F79EFBC}") = "ConsoleAppNewNet471CopyPdbs", "ConsoleAppNewNet471CopyPdbs\ConsoleAppNewNet471CopyPdbs.csproj", "{B356A09D-6DCA-4EA5-9B20-ACC488169A27}"
EndProject
Global
	GlobalSection(SolutionConfigurationPlatforms) = preSolution
		Debug|Any CPU = Debug|Any CPU
		Release|Any CPU = Release|Any CPU
	EndGlobalSection
	GlobalSection(ProjectConfigurationPlatforms) = postSolution
		{406E54BA-9BA3-4490-B232-BD3D82B17A47}.Debug|Any CPU.ActiveCfg = Debug|Any CPU
		{406E54BA-9BA3-4490-B232-BD3D82B17A47}.Debug|Any CPU.Build.0 = Debug|Any CPU
		{406E54BA-9BA3-4490-B232-BD3D82B17A47}.Release|Any CPU.ActiveCfg = Release|Any CPU
		{406E54BA-9BA3-4490-B232-BD3D82B17A47}.Release|Any CPU.Build.0 = Release|Any CPU
		{2B9AAB19-E801-4773-B414-07EA22CE96A3}.Debug|Any CPU.ActiveCfg = Debug|Any CPU
		{2B9AAB19-E801-4773-B414-07EA22CE96A3}.Debug|Any CPU.Build.0 = Debug|Any CPU
		{2B9AAB19-E801-4773-B414-07EA22CE96A3}.Release|Any CPU.ActiveCfg = Release|Any CPU
		{2B9AAB19-E801-4773-B414-07EA22CE96A3}.Release|Any CPU.Build.0 = Release|Any CPU
		{B356A09D-6DCA-4EA5-9B20-ACC488169A27}.Debug|Any CPU.ActiveCfg = Debug|Any CPU
		{B356A09D-6DCA-4EA5-9B20-ACC488169A27}.Debug|Any CPU.Build.0 = Debug|Any CPU
		{B356A09D-6DCA-4EA5-9B20-ACC488169A27}.Release|Any CPU.ActiveCfg = Release|Any CPU
		{B356A09D-6DCA-4EA5-9B20-ACC488169A27}.Release|Any CPU.Build.0 = Release|Any CPU
	EndGlobalSection
	GlobalSection(SolutionProperties) = preSolution
		HideSolutionNode = FALSE
	EndGlobalSection
	GlobalSection(ExtensibilityGlobals) = postSolution
		SolutionGuid = {543E700C-2197-40AD-95E5-2AB61A2E6F92}
	EndGlobalSection
EndGlobal
