
Microsoft Visual Studio Solution File, Format Version 12.00
# Visual Studio 15
VisualStudioVersion = 15.0.28010.2016
MinimumVisualStudioVersion = 10.0.40219.1
Project("{FAE04EC0-301F-11D3-BF4B-00C04F79EFBC}") = "ConsoleAppNew", "ConsoleAppNew\ConsoleAppNew.csproj", "{3C8508B3-6FC4-4D13-9F3A-33E64E492AC9}"
EndProject
Project("{FAE04EC0-301F-11D3-BF4B-00C04F79EFBC}") = "ClassLibraryA", "ClassLibraryA\ClassLibraryA.csproj", "{F87D7546-40DF-4B4F-A88A-B0D70592E97C}"
EndProject
Global
	GlobalSection(SolutionConfigurationPlatforms) = preSolution
		Debug|Any CPU = Debug|Any CPU
		Release|Any CPU = Release|Any CPU
	EndGlobalSection
	GlobalSection(ProjectConfigurationPlatforms) = postSolution
		{3C8508B3-6FC4-4D13-9F3A-33E64E492AC9}.Debug|Any CPU.ActiveCfg = Debug|Any CPU
		{3C8508B3-6FC4-4D13-9F3A-33E64E492AC9}.Debug|Any CPU.Build.0 = Debug|Any CPU
		{3C8508B3-6FC4-4D13-9F3A-33E64E492AC9}.Release|Any CPU.ActiveCfg = Release|Any CPU
		{3C8508B3-6FC4-4D13-9F3A-33E64E492AC9}.Release|Any CPU.Build.0 = Release|Any CPU
		{F87D7546-40DF-4B4F-A88A-B0D70592E97C}.Debug|Any CPU.ActiveCfg = Debug|Any CPU
		{F87D7546-40DF-4B4F-A88A-B0D70592E97C}.Debug|Any CPU.Build.0 = Debug|Any CPU
		{F87D7546-40DF-4B4F-A88A-B0D70592E97C}.Release|Any CPU.ActiveCfg = Release|Any CPU
		{F87D7546-40DF-4B4F-A88A-B0D70592E97C}.Release|Any CPU.Build.0 = Release|Any CPU
	EndGlobalSection
	GlobalSection(SolutionProperties) = preSolution
		HideSolutionNode = FALSE
	EndGlobalSection
	GlobalSection(ExtensibilityGlobals) = postSolution
		SolutionGuid = {50A4F534-7C66-4833-BA22-DECD3230BC5E}
	EndGlobalSection
EndGlobal
